// !$*UTF8*$!
{
	archiveVersion = 1;
	classes = {
	};
	objectVersion = 56;
	objects = {

/* Begin PBXBuildFile section */
		6A0AFCCB2AD9DEAF00E3C8F8 /* CurrentWeatherSection.swift in Sources */ = {isa = PBXBuildFile; fileRef = 6A0AFCCA2AD9DEAF00E3C8F8 /* CurrentWeatherSection.swift */; };
		6A0AFCCE2AD9F2CB00E3C8F8 /* CurrentWeatherCollectionViewCell.swift in Sources */ = {isa = PBXBuildFile; fileRef = 6A0AFCCD2AD9F2CB00E3C8F8 /* CurrentWeatherCollectionViewCell.swift */; };
		6A0AFCD02AD9F36B00E3C8F8 /* HourlyWeatherCollectionViewCell.swift in Sources */ = {isa = PBXBuildFile; fileRef = 6A0AFCCF2AD9F36B00E3C8F8 /* HourlyWeatherCollectionViewCell.swift */; };
		6A0AFCD22AD9F3B300E3C8F8 /* DailyWeatherCollectionViewCell.swift in Sources */ = {isa = PBXBuildFile; fileRef = 6A0AFCD12AD9F3B300E3C8F8 /* DailyWeatherCollectionViewCell.swift */; };
		6A1671702AD2AFBA00FD7C78 /* CurrentWeatherView.swift in Sources */ = {isa = PBXBuildFile; fileRef = 6A16716F2AD2AFBA00FD7C78 /* CurrentWeatherView.swift */; };
		6A1671722AD2B00900FD7C78 /* SettingsView.swift in Sources */ = {isa = PBXBuildFile; fileRef = 6A1671712AD2B00900FD7C78 /* SettingsView.swift */; };
		6A3384752AE5C31500E45240 /* RevenueCat in Frameworks */ = {isa = PBXBuildFile; productRef = 6A3384742AE5C31500E45240 /* RevenueCat */; };
		6A3384772AE5C31500E45240 /* RevenueCatUI in Frameworks */ = {isa = PBXBuildFile; productRef = 6A3384762AE5C31500E45240 /* RevenueCatUI */; };
		6A3815262ACCC901000193C1 /* LocationManager.swift in Sources */ = {isa = PBXBuildFile; fileRef = 6A3815252ACCC901000193C1 /* LocationManager.swift */; };
		6A3815282ACCC90F000193C1 /* IAPManager.swift in Sources */ = {isa = PBXBuildFile; fileRef = 6A3815272ACCC90F000193C1 /* IAPManager.swift */; };
		6A38152A2ACCC93C000193C1 /* WeatherManager.swift in Sources */ = {isa = PBXBuildFile; fileRef = 6A3815292ACCC93C000193C1 /* WeatherManager.swift */; };
		6ABED8E22AD5F66B00C3F976 /* SettingsViewViewModel.swift in Sources */ = {isa = PBXBuildFile; fileRef = 6ABED8E12AD5F66B00C3F976 /* SettingsViewViewModel.swift */; };
		6AC4BA312ADDDDD90061FDB3 /* WeatherViewModel.swift in Sources */ = {isa = PBXBuildFile; fileRef = 6AC4BA302ADDDDD90061FDB3 /* WeatherViewModel.swift */; };
		6AC4BA332ADDDE4E0061FDB3 /* CurrentWeatherCollectionViewCellViewModel.swift in Sources */ = {isa = PBXBuildFile; fileRef = 6AC4BA322ADDDE4E0061FDB3 /* CurrentWeatherCollectionViewCellViewModel.swift */; };
		6AC4BA352ADDDEBC0061FDB3 /* HourlyWeatherCollectionViewCellViewModel.swift in Sources */ = {isa = PBXBuildFile; fileRef = 6AC4BA342ADDDEBC0061FDB3 /* HourlyWeatherCollectionViewCellViewModel.swift */; };
		6AC4BA372ADF2F2C0061FDB3 /* DailyWeatherCollectionViewCellViewModel.swift in Sources */ = {isa = PBXBuildFile; fileRef = 6AC4BA362ADF2F2C0061FDB3 /* DailyWeatherCollectionViewCellViewModel.swift */; };
		6AD153222ACF4F22005F2D0B /* SettingsViewController.swift in Sources */ = {isa = PBXBuildFile; fileRef = 6AD153212ACF4F22005F2D0B /* SettingsViewController.swift */; };
		6AD153242ACF4F6C005F2D0B /* TabViewController.swift in Sources */ = {isa = PBXBuildFile; fileRef = 6AD153232ACF4F6C005F2D0B /* TabViewController.swift */; };
		6AEF82A32ACCB70000832DA4 /* AppDelegate.swift in Sources */ = {isa = PBXBuildFile; fileRef = 6AEF82A22ACCB70000832DA4 /* AppDelegate.swift */; };
		6AEF82A52ACCB70000832DA4 /* SceneDelegate.swift in Sources */ = {isa = PBXBuildFile; fileRef = 6AEF82A42ACCB70000832DA4 /* SceneDelegate.swift */; };
		6AEF82A72ACCB70000832DA4 /* WeatherViewController.swift in Sources */ = {isa = PBXBuildFile; fileRef = 6AEF82A62ACCB70000832DA4 /* WeatherViewController.swift */; };
		6AEF82AC2ACCB70100832DA4 /* Assets.xcassets in Resources */ = {isa = PBXBuildFile; fileRef = 6AEF82AB2ACCB70100832DA4 /* Assets.xcassets */; };
		6AEF82AF2ACCB70100832DA4 /* LaunchScreen.storyboard in Resources */ = {isa = PBXBuildFile; fileRef = 6AEF82AD2ACCB70100832DA4 /* LaunchScreen.storyboard */; };
/* End PBXBuildFile section */

/* Begin PBXFileReference section */
		6A0AFCCA2AD9DEAF00E3C8F8 /* CurrentWeatherSection.swift */ = {isa = PBXFileReference; lastKnownFileType = sourcecode.swift; path = CurrentWeatherSection.swift; sourceTree = "<group>"; };
		6A0AFCCD2AD9F2CB00E3C8F8 /* CurrentWeatherCollectionViewCell.swift */ = {isa = PBXFileReference; lastKnownFileType = sourcecode.swift; path = CurrentWeatherCollectionViewCell.swift; sourceTree = "<group>"; };
		6A0AFCCF2AD9F36B00E3C8F8 /* HourlyWeatherCollectionViewCell.swift */ = {isa = PBXFileReference; lastKnownFileType = sourcecode.swift; path = HourlyWeatherCollectionViewCell.swift; sourceTree = "<group>"; };
		6A0AFCD12AD9F3B300E3C8F8 /* DailyWeatherCollectionViewCell.swift */ = {isa = PBXFileReference; lastKnownFileType = sourcecode.swift; path = DailyWeatherCollectionViewCell.swift; sourceTree = "<group>"; };
		6A16716F2AD2AFBA00FD7C78 /* CurrentWeatherView.swift */ = {isa = PBXFileReference; lastKnownFileType = sourcecode.swift; path = CurrentWeatherView.swift; sourceTree = "<group>"; };
		6A1671712AD2B00900FD7C78 /* SettingsView.swift */ = {isa = PBXFileReference; lastKnownFileType = sourcecode.swift; path = SettingsView.swift; sourceTree = "<group>"; };
		6A3384782AE5CA7000E45240 /* Configuration.storekit */ = {isa = PBXFileReference; lastKnownFileType = text; name = Configuration.storekit; path = in_app_purchase/Other/Configuration.storekit; sourceTree = SOURCE_ROOT; };
		6A3815252ACCC901000193C1 /* LocationManager.swift */ = {isa = PBXFileReference; lastKnownFileType = sourcecode.swift; path = LocationManager.swift; sourceTree = "<group>"; };
		6A3815272ACCC90F000193C1 /* IAPManager.swift */ = {isa = PBXFileReference; lastKnownFileType = sourcecode.swift; path = IAPManager.swift; sourceTree = "<group>"; };
		6A3815292ACCC93C000193C1 /* WeatherManager.swift */ = {isa = PBXFileReference; lastKnownFileType = sourcecode.swift; path = WeatherManager.swift; sourceTree = "<group>"; };
		6A5B28EA2ACCC05E0034B462 /* in_app_purchase.entitlements */ = {isa = PBXFileReference; lastKnownFileType = text.plist.entitlements; path = in_app_purchase.entitlements; sourceTree = "<group>"; };
		6ABED8E12AD5F66B00C3F976 /* SettingsViewViewModel.swift */ = {isa = PBXFileReference; lastKnownFileType = sourcecode.swift; path = SettingsViewViewModel.swift; sourceTree = "<group>"; };
		6AC4BA302ADDDDD90061FDB3 /* WeatherViewModel.swift */ = {isa = PBXFileReference; lastKnownFileType = sourcecode.swift; path = WeatherViewModel.swift; sourceTree = "<group>"; };
		6AC4BA322ADDDE4E0061FDB3 /* CurrentWeatherCollectionViewCellViewModel.swift */ = {isa = PBXFileReference; lastKnownFileType = sourcecode.swift; path = CurrentWeatherCollectionViewCellViewModel.swift; sourceTree = "<group>"; };
		6AC4BA342ADDDEBC0061FDB3 /* HourlyWeatherCollectionViewCellViewModel.swift */ = {isa = PBXFileReference; lastKnownFileType = sourcecode.swift; path = HourlyWeatherCollectionViewCellViewModel.swift; sourceTree = "<group>"; };
		6AC4BA362ADF2F2C0061FDB3 /* DailyWeatherCollectionViewCellViewModel.swift */ = {isa = PBXFileReference; lastKnownFileType = sourcecode.swift; path = DailyWeatherCollectionViewCellViewModel.swift; sourceTree = "<group>"; };
		6AD153212ACF4F22005F2D0B /* SettingsViewController.swift */ = {isa = PBXFileReference; lastKnownFileType = sourcecode.swift; path = SettingsViewController.swift; sourceTree = "<group>"; };
		6AD153232ACF4F6C005F2D0B /* TabViewController.swift */ = {isa = PBXFileReference; lastKnownFileType = sourcecode.swift; path = TabViewController.swift; sourceTree = "<group>"; };
		6AEF829F2ACCB70000832DA4 /* in_app_purchase.app */ = {isa = PBXFileReference; explicitFileType = wrapper.application; includeInIndex = 0; path = in_app_purchase.app; sourceTree = BUILT_PRODUCTS_DIR; };
		6AEF82A22ACCB70000832DA4 /* AppDelegate.swift */ = {isa = PBXFileReference; lastKnownFileType = sourcecode.swift; path = AppDelegate.swift; sourceTree = "<group>"; };
		6AEF82A42ACCB70000832DA4 /* SceneDelegate.swift */ = {isa = PBXFileReference; lastKnownFileType = sourcecode.swift; path = SceneDelegate.swift; sourceTree = "<group>"; };
		6AEF82A62ACCB70000832DA4 /* WeatherViewController.swift */ = {isa = PBXFileReference; lastKnownFileType = sourcecode.swift; path = WeatherViewController.swift; sourceTree = "<group>"; };
		6AEF82AB2ACCB70100832DA4 /* Assets.xcassets */ = {isa = PBXFileReference; lastKnownFileType = folder.assetcatalog; path = Assets.xcassets; sourceTree = "<group>"; };
		6AEF82AE2ACCB70100832DA4 /* Base */ = {isa = PBXFileReference; lastKnownFileType = file.storyboard; name = Base; path = Base.lproj/LaunchScreen.storyboard; sourceTree = "<group>"; };
		6AEF82B02ACCB70100832DA4 /* Info.plist */ = {isa = PBXFileReference; lastKnownFileType = text.plist.xml; path = Info.plist; sourceTree = "<group>"; };
/* End PBXFileReference section */

/* Begin PBXFrameworksBuildPhase section */
		6AEF829C2ACCB70000832DA4 /* Frameworks */ = {
			isa = PBXFrameworksBuildPhase;
			buildActionMask = 2147483647;
			files = (
				6A3384772AE5C31500E45240 /* RevenueCatUI in Frameworks */,
				6A3384752AE5C31500E45240 /* RevenueCat in Frameworks */,
			);
			runOnlyForDeploymentPostprocessing = 0;
		};
/* End PBXFrameworksBuildPhase section */

/* Begin PBXGroup section */
		6A0AFCCC2AD9F2A600E3C8F8 /* WeatherCells */ = {
			isa = PBXGroup;
			children = (
				6A0AFCCD2AD9F2CB00E3C8F8 /* CurrentWeatherCollectionViewCell.swift */,
				6A0AFCCF2AD9F36B00E3C8F8 /* HourlyWeatherCollectionViewCell.swift */,
				6A0AFCD12AD9F3B300E3C8F8 /* DailyWeatherCollectionViewCell.swift */,
			);
			path = WeatherCells;
			sourceTree = "<group>";
		};
		6A38151E2ACCC82D000193C1 /* Views */ = {
			isa = PBXGroup;
			children = (
				6A0AFCCC2AD9F2A600E3C8F8 /* WeatherCells */,
				6A16716F2AD2AFBA00FD7C78 /* CurrentWeatherView.swift */,
				6A1671712AD2B00900FD7C78 /* SettingsView.swift */,
			);
			path = Views;
			sourceTree = "<group>";
		};
		6A38151F2ACCC836000193C1 /* ViewModels */ = {
			isa = PBXGroup;
			children = (
				6ABED8E12AD5F66B00C3F976 /* SettingsViewViewModel.swift */,
				6A0AFCCA2AD9DEAF00E3C8F8 /* CurrentWeatherSection.swift */,
				6AC4BA302ADDDDD90061FDB3 /* WeatherViewModel.swift */,
				6AC4BA322ADDDE4E0061FDB3 /* CurrentWeatherCollectionViewCellViewModel.swift */,
				6AC4BA342ADDDEBC0061FDB3 /* HourlyWeatherCollectionViewCellViewModel.swift */,
				6AC4BA362ADF2F2C0061FDB3 /* DailyWeatherCollectionViewCellViewModel.swift */,
			);
			path = ViewModels;
			sourceTree = "<group>";
		};
		6A3815202ACCC83E000193C1 /* Models */ = {
			isa = PBXGroup;
			children = (
			);
			path = Models;
			sourceTree = "<group>";
		};
		6A3815212ACCC846000193C1 /* Controllers */ = {
			isa = PBXGroup;
			children = (
				6AEF82A62ACCB70000832DA4 /* WeatherViewController.swift */,
				6AD153212ACF4F22005F2D0B /* SettingsViewController.swift */,
				6AD153232ACF4F6C005F2D0B /* TabViewController.swift */,
			);
			path = Controllers;
			sourceTree = "<group>";
		};
		6A3815232ACCC859000193C1 /* Other */ = {
			isa = PBXGroup;
			children = (
				6AEF82A22ACCB70000832DA4 /* AppDelegate.swift */,
				6AEF82A42ACCB70000832DA4 /* SceneDelegate.swift */,
				6AEF82AB2ACCB70100832DA4 /* Assets.xcassets */,
				6AEF82AD2ACCB70100832DA4 /* LaunchScreen.storyboard */,
				6A3384782AE5CA7000E45240 /* Configuration.storekit */,
			);
			path = Other;
			sourceTree = "<group>";
		};
		6A3815242ACCC8B2000193C1 /* Managers */ = {
			isa = PBXGroup;
			children = (
				6A3815252ACCC901000193C1 /* LocationManager.swift */,
				6A3815272ACCC90F000193C1 /* IAPManager.swift */,
				6A3815292ACCC93C000193C1 /* WeatherManager.swift */,
			);
			path = Managers;
			sourceTree = "<group>";
		};
		6AEF82962ACCB70000832DA4 = {
			isa = PBXGroup;
			children = (
				6AEF82A12ACCB70000832DA4 /* in_app_purchase */,
				6AEF82A02ACCB70000832DA4 /* Products */,
			);
			sourceTree = "<group>";
		};
		6AEF82A02ACCB70000832DA4 /* Products */ = {
			isa = PBXGroup;
			children = (
				6AEF829F2ACCB70000832DA4 /* in_app_purchase.app */,
			);
			name = Products;
			sourceTree = "<group>";
		};
		6AEF82A12ACCB70000832DA4 /* in_app_purchase */ = {
			isa = PBXGroup;
			children = (
				6A3815242ACCC8B2000193C1 /* Managers */,
				6A3815232ACCC859000193C1 /* Other */,
				6A3815212ACCC846000193C1 /* Controllers */,
				6A3815202ACCC83E000193C1 /* Models */,
				6A38151F2ACCC836000193C1 /* ViewModels */,
				6A38151E2ACCC82D000193C1 /* Views */,
				6A5B28EA2ACCC05E0034B462 /* in_app_purchase.entitlements */,
				6AEF82B02ACCB70100832DA4 /* Info.plist */,
			);
			path = in_app_purchase;
			sourceTree = "<group>";
		};
/* End PBXGroup section */

/* Begin PBXNativeTarget section */
		6AEF829E2ACCB70000832DA4 /* in_app_purchase */ = {
			isa = PBXNativeTarget;
			buildConfigurationList = 6AEF82B32ACCB70100832DA4 /* Build configuration list for PBXNativeTarget "in_app_purchase" */;
			buildPhases = (
				6AEF829B2ACCB70000832DA4 /* Sources */,
				6AEF829C2ACCB70000832DA4 /* Frameworks */,
				6AEF829D2ACCB70000832DA4 /* Resources */,
			);
			buildRules = (
			);
			dependencies = (
			);
			name = in_app_purchase;
			packageProductDependencies = (
				6A3384742AE5C31500E45240 /* RevenueCat */,
				6A3384762AE5C31500E45240 /* RevenueCatUI */,
			);
			productName = in_app_purchase;
			productReference = 6AEF829F2ACCB70000832DA4 /* in_app_purchase.app */;
			productType = "com.apple.product-type.application";
		};
/* End PBXNativeTarget section */

/* Begin PBXProject section */
		6AEF82972ACCB70000832DA4 /* Project object */ = {
			isa = PBXProject;
			attributes = {
				BuildIndependentTargetsInParallel = 1;
				LastSwiftUpdateCheck = 1500;
				LastUpgradeCheck = 1500;
				TargetAttributes = {
					6AEF829E2ACCB70000832DA4 = {
						CreatedOnToolsVersion = 15.0;
					};
				};
			};
			buildConfigurationList = 6AEF829A2ACCB70000832DA4 /* Build configuration list for PBXProject "in_app_purchase" */;
			compatibilityVersion = "Xcode 14.0";
			developmentRegion = en;
			hasScannedForEncodings = 0;
			knownRegions = (
				en,
				Base,
			);
			mainGroup = 6AEF82962ACCB70000832DA4;
			packageReferences = (
				6A3384732AE5C31500E45240 /* XCRemoteSwiftPackageReference "purchases-ios" */,
			);
			productRefGroup = 6AEF82A02ACCB70000832DA4 /* Products */;
			projectDirPath = "";
			projectRoot = "";
			targets = (
				6AEF829E2ACCB70000832DA4 /* in_app_purchase */,
			);
		};
/* End PBXProject section */

/* Begin PBXResourcesBuildPhase section */
		6AEF829D2ACCB70000832DA4 /* Resources */ = {
			isa = PBXResourcesBuildPhase;
			buildActionMask = 2147483647;
			files = (
				6AEF82AF2ACCB70100832DA4 /* LaunchScreen.storyboard in Resources */,
				6AEF82AC2ACCB70100832DA4 /* Assets.xcassets in Resources */,
			);
			runOnlyForDeploymentPostprocessing = 0;
		};
/* End PBXResourcesBuildPhase section */

/* Begin PBXSourcesBuildPhase section */
		6AEF829B2ACCB70000832DA4 /* Sources */ = {
			isa = PBXSourcesBuildPhase;
			buildActionMask = 2147483647;
			files = (
				6A0AFCD22AD9F3B300E3C8F8 /* DailyWeatherCollectionViewCell.swift in Sources */,
				6AD153242ACF4F6C005F2D0B /* TabViewController.swift in Sources */,
				6A38152A2ACCC93C000193C1 /* WeatherManager.swift in Sources */,
				6A0AFCD02AD9F36B00E3C8F8 /* HourlyWeatherCollectionViewCell.swift in Sources */,
				6A3815262ACCC901000193C1 /* LocationManager.swift in Sources */,
				6A1671702AD2AFBA00FD7C78 /* CurrentWeatherView.swift in Sources */,
				6AD153222ACF4F22005F2D0B /* SettingsViewController.swift in Sources */,
				6AC4BA372ADF2F2C0061FDB3 /* DailyWeatherCollectionViewCellViewModel.swift in Sources */,
				6A1671722AD2B00900FD7C78 /* SettingsView.swift in Sources */,
				6ABED8E22AD5F66B00C3F976 /* SettingsViewViewModel.swift in Sources */,
				6AC4BA352ADDDEBC0061FDB3 /* HourlyWeatherCollectionViewCellViewModel.swift in Sources */,
				6A3815282ACCC90F000193C1 /* IAPManager.swift in Sources */,
				6AEF82A72ACCB70000832DA4 /* WeatherViewController.swift in Sources */,
				6AC4BA332ADDDE4E0061FDB3 /* CurrentWeatherCollectionViewCellViewModel.swift in Sources */,
				6AEF82A32ACCB70000832DA4 /* AppDelegate.swift in Sources */,
				6A0AFCCB2AD9DEAF00E3C8F8 /* CurrentWeatherSection.swift in Sources */,
				6AC4BA312ADDDDD90061FDB3 /* WeatherViewModel.swift in Sources */,
				6AEF82A52ACCB70000832DA4 /* SceneDelegate.swift in Sources */,
				6A0AFCCE2AD9F2CB00E3C8F8 /* CurrentWeatherCollectionViewCell.swift in Sources */,
			);
			runOnlyForDeploymentPostprocessing = 0;
		};
/* End PBXSourcesBuildPhase section */

/* Begin PBXVariantGroup section */
		6AEF82AD2ACCB70100832DA4 /* LaunchScreen.storyboard */ = {
			isa = PBXVariantGroup;
			children = (
				6AEF82AE2ACCB70100832DA4 /* Base */,
			);
			name = LaunchScreen.storyboard;
			sourceTree = "<group>";
		};
/* End PBXVariantGroup section */

/* Begin XCBuildConfiguration section */
		6AEF82B12ACCB70100832DA4 /* Debug */ = {
			isa = XCBuildConfiguration;
			buildSettings = {
				ALWAYS_SEARCH_USER_PATHS = NO;
				ASSETCATALOG_COMPILER_GENERATE_SWIFT_ASSET_SYMBOL_EXTENSIONS = YES;
				CLANG_ANALYZER_NONNULL = YES;
				CLANG_ANALYZER_NUMBER_OBJECT_CONVERSION = YES_AGGRESSIVE;
				CLANG_CXX_LANGUAGE_STANDARD = "gnu++20";
				CLANG_ENABLE_MODULES = YES;
				CLANG_ENABLE_OBJC_ARC = YES;
				CLANG_ENABLE_OBJC_WEAK = YES;
				CLANG_WARN_BLOCK_CAPTURE_AUTORELEASING = YES;
				CLANG_WARN_BOOL_CONVERSION = YES;
				CLANG_WARN_COMMA = YES;
				CLANG_WARN_CONSTANT_CONVERSION = YES;
				CLANG_WARN_DEPRECATED_OBJC_IMPLEMENTATIONS = YES;
				CLANG_WARN_DIRECT_OBJC_ISA_USAGE = YES_ERROR;
				CLANG_WARN_DOCUMENTATION_COMMENTS = YES;
				CLANG_WARN_EMPTY_BODY = YES;
				CLANG_WARN_ENUM_CONVERSION = YES;
				CLANG_WARN_INFINITE_RECURSION = YES;
				CLANG_WARN_INT_CONVERSION = YES;
				CLANG_WARN_NON_LITERAL_NULL_CONVERSION = YES;
				CLANG_WARN_OBJC_IMPLICIT_RETAIN_SELF = YES;
				CLANG_WARN_OBJC_LITERAL_CONVERSION = YES;
				CLANG_WARN_OBJC_ROOT_CLASS = YES_ERROR;
				CLANG_WARN_QUOTED_INCLUDE_IN_FRAMEWORK_HEADER = YES;
				CLANG_WARN_RANGE_LOOP_ANALYSIS = YES;
				CLANG_WARN_STRICT_PROTOTYPES = YES;
				CLANG_WARN_SUSPICIOUS_MOVE = YES;
				CLANG_WARN_UNGUARDED_AVAILABILITY = YES_AGGRESSIVE;
				CLANG_WARN_UNREACHABLE_CODE = YES;
				CLANG_WARN__DUPLICATE_METHOD_MATCH = YES;
				COPY_PHASE_STRIP = NO;
				DEBUG_INFORMATION_FORMAT = dwarf;
				ENABLE_STRICT_OBJC_MSGSEND = YES;
				ENABLE_TESTABILITY = YES;
				ENABLE_USER_SCRIPT_SANDBOXING = YES;
				GCC_C_LANGUAGE_STANDARD = gnu17;
				GCC_DYNAMIC_NO_PIC = NO;
				GCC_NO_COMMON_BLOCKS = YES;
				GCC_OPTIMIZATION_LEVEL = 0;
				GCC_PREPROCESSOR_DEFINITIONS = (
					"DEBUG=1",
					"$(inherited)",
				);
				GCC_WARN_64_TO_32_BIT_CONVERSION = YES;
				GCC_WARN_ABOUT_RETURN_TYPE = YES_ERROR;
				GCC_WARN_UNDECLARED_SELECTOR = YES;
				GCC_WARN_UNINITIALIZED_AUTOS = YES_AGGRESSIVE;
				GCC_WARN_UNUSED_FUNCTION = YES;
				GCC_WARN_UNUSED_VARIABLE = YES;
				IPHONEOS_DEPLOYMENT_TARGET = 17.0;
				LOCALIZATION_PREFERS_STRING_CATALOGS = YES;
				MTL_ENABLE_DEBUG_INFO = INCLUDE_SOURCE;
				MTL_FAST_MATH = YES;
				ONLY_ACTIVE_ARCH = YES;
				SDKROOT = iphoneos;
				SWIFT_ACTIVE_COMPILATION_CONDITIONS = "DEBUG $(inherited)";
				SWIFT_OPTIMIZATION_LEVEL = "-Onone";
			};
			name = Debug;
		};
		6AEF82B22ACCB70100832DA4 /* Release */ = {
			isa = XCBuildConfiguration;
			buildSettings = {
				ALWAYS_SEARCH_USER_PATHS = NO;
				ASSETCATALOG_COMPILER_GENERATE_SWIFT_ASSET_SYMBOL_EXTENSIONS = YES;
				CLANG_ANALYZER_NONNULL = YES;
				CLANG_ANALYZER_NUMBER_OBJECT_CONVERSION = YES_AGGRESSIVE;
				CLANG_CXX_LANGUAGE_STANDARD = "gnu++20";
				CLANG_ENABLE_MODULES = YES;
				CLANG_ENABLE_OBJC_ARC = YES;
				CLANG_ENABLE_OBJC_WEAK = YES;
				CLANG_WARN_BLOCK_CAPTURE_AUTORELEASING = YES;
				CLANG_WARN_BOOL_CONVERSION = YES;
				CLANG_WARN_COMMA = YES;
				CLANG_WARN_CONSTANT_CONVERSION = YES;
				CLANG_WARN_DEPRECATED_OBJC_IMPLEMENTATIONS = YES;
				CLANG_WARN_DIRECT_OBJC_ISA_USAGE = YES_ERROR;
				CLANG_WARN_DOCUMENTATION_COMMENTS = YES;
				CLANG_WARN_EMPTY_BODY = YES;
				CLANG_WARN_ENUM_CONVERSION = YES;
				CLANG_WARN_INFINITE_RECURSION = YES;
				CLANG_WARN_INT_CONVERSION = YES;
				CLANG_WARN_NON_LITERAL_NULL_CONVERSION = YES;
				CLANG_WARN_OBJC_IMPLICIT_RETAIN_SELF = YES;
				CLANG_WARN_OBJC_LITERAL_CONVERSION = YES;
				CLANG_WARN_OBJC_ROOT_CLASS = YES_ERROR;
				CLANG_WARN_QUOTED_INCLUDE_IN_FRAMEWORK_HEADER = YES;
				CLANG_WARN_RANGE_LOOP_ANALYSIS = YES;
				CLANG_WARN_STRICT_PROTOTYPES = YES;
				CLANG_WARN_SUSPICIOUS_MOVE = YES;
				CLANG_WARN_UNGUARDED_AVAILABILITY = YES_AGGRESSIVE;
				CLANG_WARN_UNREACHABLE_CODE = YES;
				CLANG_WARN__DUPLICATE_METHOD_MATCH = YES;
				COPY_PHASE_STRIP = NO;
				DEBUG_INFORMATION_FORMAT = "dwarf-with-dsym";
				ENABLE_NS_ASSERTIONS = NO;
				ENABLE_STRICT_OBJC_MSGSEND = YES;
				ENABLE_USER_SCRIPT_SANDBOXING = YES;
				GCC_C_LANGUAGE_STANDARD = gnu17;
				GCC_NO_COMMON_BLOCKS = YES;
				GCC_WARN_64_TO_32_BIT_CONVERSION = YES;
				GCC_WARN_ABOUT_RETURN_TYPE = YES_ERROR;
				GCC_WARN_UNDECLARED_SELECTOR = YES;
				GCC_WARN_UNINITIALIZED_AUTOS = YES_AGGRESSIVE;
				GCC_WARN_UNUSED_FUNCTION = YES;
				GCC_WARN_UNUSED_VARIABLE = YES;
				IPHONEOS_DEPLOYMENT_TARGET = 17.0;
				LOCALIZATION_PREFERS_STRING_CATALOGS = YES;
				MTL_ENABLE_DEBUG_INFO = NO;
				MTL_FAST_MATH = YES;
				SDKROOT = iphoneos;
				SWIFT_COMPILATION_MODE = wholemodule;
				VALIDATE_PRODUCT = YES;
			};
			name = Release;
		};
		6AEF82B42ACCB70100832DA4 /* Debug */ = {
			isa = XCBuildConfiguration;
			buildSettings = {
				ASSETCATALOG_COMPILER_APPICON_NAME = AppIcon;
				ASSETCATALOG_COMPILER_GLOBAL_ACCENT_COLOR_NAME = AccentColor;
				CODE_SIGN_ENTITLEMENTS = in_app_purchase/in_app_purchase.entitlements;
				CODE_SIGN_STYLE = Automatic;
				CURRENT_PROJECT_VERSION = 1;
				DEVELOPMENT_TEAM = 9JUDK7LK5C;
				GENERATE_INFOPLIST_FILE = YES;
				INFOPLIST_FILE = in_app_purchase/Info.plist;
				INFOPLIST_KEY_UIApplicationSupportsIndirectInputEvents = YES;
				INFOPLIST_KEY_UILaunchStoryboardName = LaunchScreen;
				INFOPLIST_KEY_UISupportedInterfaceOrientations_iPad = "UIInterfaceOrientationPortrait UIInterfaceOrientationPortraitUpsideDown UIInterfaceOrientationLandscapeLeft UIInterfaceOrientationLandscapeRight";
				INFOPLIST_KEY_UISupportedInterfaceOrientations_iPhone = "UIInterfaceOrientationPortrait UIInterfaceOrientationLandscapeLeft UIInterfaceOrientationLandscapeRight";
				LD_RUNPATH_SEARCH_PATHS = (
					"$(inherited)",
					"@executable_path/Frameworks",
				);
				MARKETING_VERSION = 1.0;
				PRODUCT_BUNDLE_IDENTIFIER = com.damiankieltyka.inapppurchase;
				PRODUCT_NAME = "$(TARGET_NAME)";
				SWIFT_EMIT_LOC_STRINGS = YES;
				SWIFT_VERSION = 5.0;
				TARGETED_DEVICE_FAMILY = "1,2";
			};
			name = Debug;
		};
		6AEF82B52ACCB70100832DA4 /* Release */ = {
			isa = XCBuildConfiguration;
			buildSettings = {
				ASSETCATALOG_COMPILER_APPICON_NAME = AppIcon;
				ASSETCATALOG_COMPILER_GLOBAL_ACCENT_COLOR_NAME = AccentColor;
				CODE_SIGN_ENTITLEMENTS = in_app_purchase/in_app_purchase.entitlements;
				CODE_SIGN_STYLE = Automatic;
				CURRENT_PROJECT_VERSION = 1;
				DEVELOPMENT_TEAM = 9JUDK7LK5C;
				GENERATE_INFOPLIST_FILE = YES;
				INFOPLIST_FILE = in_app_purchase/Info.plist;
				INFOPLIST_KEY_UIApplicationSupportsIndirectInputEvents = YES;
				INFOPLIST_KEY_UILaunchStoryboardName = LaunchScreen;
				INFOPLIST_KEY_UISupportedInterfaceOrientations_iPad = "UIInterfaceOrientationPortrait UIInterfaceOrientationPortraitUpsideDown UIInterfaceOrientationLandscapeLeft UIInterfaceOrientationLandscapeRight";
				INFOPLIST_KEY_UISupportedInterfaceOrientations_iPhone = "UIInterfaceOrientationPortrait UIInterfaceOrientationLandscapeLeft UIInterfaceOrientationLandscapeRight";
				LD_RUNPATH_SEARCH_PATHS = (
					"$(inherited)",
					"@executable_path/Frameworks",
				);
				MARKETING_VERSION = 1.0;
				PRODUCT_BUNDLE_IDENTIFIER = com.damiankieltyka.inapppurchase;
				PRODUCT_NAME = "$(TARGET_NAME)";
				SWIFT_EMIT_LOC_STRINGS = YES;
				SWIFT_VERSION = 5.0;
				TARGETED_DEVICE_FAMILY = "1,2";
			};
			name = Release;
		};
/* End XCBuildConfiguration section */

/* Begin XCConfigurationList section */
		6AEF829A2ACCB70000832DA4 /* Build configuration list for PBXProject "in_app_purchase" */ = {
			isa = XCConfigurationList;
			buildConfigurations = (
				6AEF82B12ACCB70100832DA4 /* Debug */,
				6AEF82B22ACCB70100832DA4 /* Release */,
			);
			defaultConfigurationIsVisible = 0;
			defaultConfigurationName = Release;
		};
		6AEF82B32ACCB70100832DA4 /* Build configuration list for PBXNativeTarget "in_app_purchase" */ = {
			isa = XCConfigurationList;
			buildConfigurations = (
				6AEF82B42ACCB70100832DA4 /* Debug */,
				6AEF82B52ACCB70100832DA4 /* Release */,
			);
			defaultConfigurationIsVisible = 0;
			defaultConfigurationName = Release;
		};
/* End XCConfigurationList section */

/* Begin XCRemoteSwiftPackageReference section */
		6A3384732AE5C31500E45240 /* XCRemoteSwiftPackageReference "purchases-ios" */ = {
			isa = XCRemoteSwiftPackageReference;
			repositoryURL = "https://github.com/RevenueCat/purchases-ios.git";
			requirement = {
				kind = upToNextMajorVersion;
				minimumVersion = 4.0.0;
			};
		};
/* End XCRemoteSwiftPackageReference section */

/* Begin XCSwiftPackageProductDependency section */
		6A3384742AE5C31500E45240 /* RevenueCat */ = {
			isa = XCSwiftPackageProductDependency;
			package = 6A3384732AE5C31500E45240 /* XCRemoteSwiftPackageReference "purchases-ios" */;
			productName = RevenueCat;
		};
		6A3384762AE5C31500E45240 /* RevenueCatUI */ = {
			isa = XCSwiftPackageProductDependency;
			package = 6A3384732AE5C31500E45240 /* XCRemoteSwiftPackageReference "purchases-ios" */;
			productName = RevenueCatUI;
		};
/* End XCSwiftPackageProductDependency section */
	};
	rootObject = 6AEF82972ACCB70000832DA4 /* Project object */;
}
